
Microsoft Visual Studio Solution File, Format Version 12.00
# Visual Studio Version 17
VisualStudioVersion = 17.10.34916.146
MinimumVisualStudioVersion = 10.0.40219.1
Project("{FAE04EC0-301F-11D3-BF4B-00C04F79EFBC}") = "BusnessObject", "BusnessObject\BusnessObject.csproj", "{F79A2CA6-B7C3-47B4-A9D0-7183A2B6808F}"
EndProject
Project("{FAE04EC0-301F-11D3-BF4B-00C04F79EFBC}") = "DataAccess", "DataAccess\DataAccess.csproj", "{730F9001-B1E2-4A24-8390-73EECF12DE5E}"
EndProject
Project("{FAE04EC0-301F-11D3-BF4B-00C04F79EFBC}") = "Repositories", "Repositories\Repositories.csproj", "{82228520-6CAF-4627-92E4-00E29DF1DA2A}"
EndProject
Project("{FAE04EC0-301F-11D3-BF4B-00C04F79EFBC}") = "BookStoreAPP", "BookStoreAPP\BookStoreAPP.csproj", "{7145EC9A-9590-474B-BAE5-460467D6D03D}"
EndProject
Global
	GlobalSection(SolutionConfigurationPlatforms) = preSolution
		Debug|Any CPU = Debug|Any CPU
		Release|Any CPU = Release|Any CPU
	EndGlobalSection
	GlobalSection(ProjectConfigurationPlatforms) = postSolution
		{F79A2CA6-B7C3-47B4-A9D0-7183A2B6808F}.Debug|Any CPU.ActiveCfg = Debug|Any CPU
		{F79A2CA6-B7C3-47B4-A9D0-7183A2B6808F}.Debug|Any CPU.Build.0 = Debug|Any CPU
		{F79A2CA6-B7C3-47B4-A9D0-7183A2B6808F}.Release|Any CPU.ActiveCfg = Release|Any CPU
		{F79A2CA6-B7C3-47B4-A9D0-7183A2B6808F}.Release|Any CPU.Build.0 = Release|Any CPU
		{730F9001-B1E2-4A24-8390-73EECF12DE5E}.Debug|Any CPU.ActiveCfg = Debug|Any CPU
		{730F9001-B1E2-4A24-8390-73EECF12DE5E}.Debug|Any CPU.Build.0 = Debug|Any CPU
		{730F9001-B1E2-4A24-8390-73EECF12DE5E}.Release|Any CPU.ActiveCfg = Release|Any CPU
		{730F9001-B1E2-4A24-8390-73EECF12DE5E}.Release|Any CPU.Build.0 = Release|Any CPU
		{82228520-6CAF-4627-92E4-00E29DF1DA2A}.Debug|Any CPU.ActiveCfg = Debug|Any CPU
		{82228520-6CAF-4627-92E4-00E29DF1DA2A}.Debug|Any CPU.Build.0 = Debug|Any CPU
		{82228520-6CAF-4627-92E4-00E29DF1DA2A}.Release|Any CPU.ActiveCfg = Release|Any CPU
		{82228520-6CAF-4627-92E4-00E29DF1DA2A}.Release|Any CPU.Build.0 = Release|Any CPU
		{7145EC9A-9590-474B-BAE5-460467D6D03D}.Debug|Any CPU.ActiveCfg = Debug|Any CPU
		{7145EC9A-9590-474B-BAE5-460467D6D03D}.Debug|Any CPU.Build.0 = Debug|Any CPU
		{7145EC9A-9590-474B-BAE5-460467D6D03D}.Release|Any CPU.ActiveCfg = Release|Any CPU
		{7145EC9A-9590-474B-BAE5-460467D6D03D}.Release|Any CPU.Build.0 = Release|Any CPU
	EndGlobalSection
	GlobalSection(SolutionProperties) = preSolution
		HideSolutionNode = FALSE
	EndGlobalSection
	GlobalSection(ExtensibilityGlobals) = postSolution
		SolutionGuid = {4543DD13-65DD-48DA-B2DA-A8F793EA6FD5}
	EndGlobalSection
EndGlobal
